
Microsoft Visual Studio Solution File, Format Version 12.00
# Visual Studio Version 16
VisualStudioVersion = 16.0.30804.86
MinimumVisualStudioVersion = 10.0.40219.1
Project("{2150E333-8FDC-42A3-9474-1A3956D46DE8}") = "Class projects", "Class projects", "{D2D67386-07D3-4FD5-8597-8534F150A67C}"
EndProject
Project("{9A19103F-16F7-4668-BE54-9A1E7A4F7556}") = "ConfigurationHelper", "ConfigurationHelper\ConfigurationHelper.csproj", "{C083E5F5-D283-468C-BE2B-98482D3E3CD0}"
EndProject
Project("{2150E333-8FDC-42A3-9474-1A3956D46DE8}") = "Frontend projects", "Frontend projects", "{5BBC8EF2-A6F9-4D70-AB10-279BABC13F61}"
EndProject
Project("{9A19103F-16F7-4668-BE54-9A1E7A4F7556}") = "LogToFile", "LogToFile\LogToFile.csproj", "{3EBB3FDF-3723-478E-B296-C1BDA8CF3D83}"
EndProject
Project("{2150E333-8FDC-42A3-9474-1A3956D46DE8}") = "Solution Items", "Solution Items", "{77EF64D9-9A34-4B54-87F8-D1CFE871DE0B}"
	ProjectSection(SolutionItems) = preProject
		readme.md = readme.md
	EndProjectSection
EndProject
Global
	GlobalSection(SolutionConfigurationPlatforms) = preSolution
		Debug|Any CPU = Debug|Any CPU
		Release|Any CPU = Release|Any CPU
	EndGlobalSection
	GlobalSection(ProjectConfigurationPlatforms) = postSolution
		{C083E5F5-D283-468C-BE2B-98482D3E3CD0}.Debug|Any CPU.ActiveCfg = Debug|Any CPU
		{C083E5F5-D283-468C-BE2B-98482D3E3CD0}.Debug|Any CPU.Build.0 = Debug|Any CPU
		{C083E5F5-D283-468C-BE2B-98482D3E3CD0}.Release|Any CPU.ActiveCfg = Release|Any CPU
		{C083E5F5-D283-468C-BE2B-98482D3E3CD0}.Release|Any CPU.Build.0 = Release|Any CPU
		{3EBB3FDF-3723-478E-B296-C1BDA8CF3D83}.Debug|Any CPU.ActiveCfg = Debug|Any CPU
		{3EBB3FDF-3723-478E-B296-C1BDA8CF3D83}.Debug|Any CPU.Build.0 = Debug|Any CPU
		{3EBB3FDF-3723-478E-B296-C1BDA8CF3D83}.Release|Any CPU.ActiveCfg = Release|Any CPU
		{3EBB3FDF-3723-478E-B296-C1BDA8CF3D83}.Release|Any CPU.Build.0 = Release|Any CPU
	EndGlobalSection
	GlobalSection(SolutionProperties) = preSolution
		HideSolutionNode = FALSE
	EndGlobalSection
	GlobalSection(NestedProjects) = preSolution
		{C083E5F5-D283-468C-BE2B-98482D3E3CD0} = {D2D67386-07D3-4FD5-8597-8534F150A67C}
		{3EBB3FDF-3723-478E-B296-C1BDA8CF3D83} = {5BBC8EF2-A6F9-4D70-AB10-279BABC13F61}
	EndGlobalSection
	GlobalSection(ExtensibilityGlobals) = postSolution
		SolutionGuid = {B957EDF7-BBFE-4E75-95EF-4FB478986463}
	EndGlobalSection
EndGlobal
